// !$*UTF8*$!
{
	archiveVersion = 1;
	classes = {
	};
	objectVersion = 46;
	objects = {

/* Begin PBXBuildFile section */
		16C0C8731E7BB8AB009EE884 /* main.m in Sources */ = {isa = PBXBuildFile; fileRef = 16C0C8721E7BB8AB009EE884 /* main.m */; };
		16C0C8761E7BB8AB009EE884 /* AppDelegate.m in Sources */ = {isa = PBXBuildFile; fileRef = 16C0C8751E7BB8AB009EE884 /* AppDelegate.m */; };
		16C0C8791E7BB8AB009EE884 /* ViewController.m in Sources */ = {isa = PBXBuildFile; fileRef = 16C0C8781E7BB8AB009EE884 /* ViewController.m */; };
		16C0C87C1E7BB8AB009EE884 /* Main.storyboard in Resources */ = {isa = PBXBuildFile; fileRef = 16C0C87A1E7BB8AB009EE884 /* Main.storyboard */; };
		16C0C87E1E7BB8AB009EE884 /* Assets.xcassets in Resources */ = {isa = PBXBuildFile; fileRef = 16C0C87D1E7BB8AB009EE884 /* Assets.xcassets */; };
		16C0C8811E7BB8AB009EE884 /* LaunchScreen.storyboard in Resources */ = {isa = PBXBuildFile; fileRef = 16C0C87F1E7BB8AB009EE884 /* LaunchScreen.storyboard */; };
/* End PBXBuildFile section */

/* Begin PBXFileReference section */
		16C0C86E1E7BB8AB009EE884 /* 远程推送.app */ = {isa = PBXFileReference; explicitFileType = wrapper.application; includeInIndex = 0; path = "远程推送.app"; sourceTree = BUILT_PRODUCTS_DIR; };
		16C0C8721E7BB8AB009EE884 /* main.m */ = {isa = PBXFileReference; lastKnownFileType = sourcecode.c.objc; path = main.m; sourceTree = "<group>"; };
		16C0C8741E7BB8AB009EE884 /* AppDelegate.h */ = {isa = PBXFileReference; lastKnownFileType = sourcecode.c.h; path = AppDelegate.h; sourceTree = "<group>"; };
		16C0C8751E7BB8AB009EE884 /* AppDelegate.m */ = {isa = PBXFileReference; lastKnownFileType = sourcecode.c.objc; path = AppDelegate.m; sourceTree = "<group>"; };
		16C0C8771E7BB8AB009EE884 /* ViewController.h */ = {isa = PBXFileReference; lastKnownFileType = sourcecode.c.h; path = ViewController.h; sourceTree = "<group>"; };
		16C0C8781E7BB8AB009EE884 /* ViewController.m */ = {isa = PBXFileReference; lastKnownFileType = sourcecode.c.objc; path = ViewController.m; sourceTree = "<group>"; };
		16C0C87B1E7BB8AB009EE884 /* Base */ = {isa = PBXFileReference; lastKnownFileType = file.storyboard; name = Base; path = Base.lproj/Main.storyboard; sourceTree = "<group>"; };
		16C0C87D1E7BB8AB009EE884 /* Assets.xcassets */ = {isa = PBXFileReference; lastKnownFileType = folder.assetcatalog; path = Assets.xcassets; sourceTree = "<group>"; };
		16C0C8801E7BB8AB009EE884 /* Base */ = {isa = PBXFileReference; lastKnownFileType = file.storyboard; name = Base; path = Base.lproj/LaunchScreen.storyboard; sourceTree = "<group>"; };
		16C0C8821E7BB8AB009EE884 /* Info.plist */ = {isa = PBXFileReference; lastKnownFileType = text.plist.xml; path = Info.plist; sourceTree = "<group>"; };
/* End PBXFileReference section */

/* Begin PBXFrameworksBuildPhase section */
		16C0C86B1E7BB8AB009EE884 /* Frameworks */ = {
			isa = PBXFrameworksBuildPhase;
			buildActionMask = 2147483647;
			files = (
			);
			runOnlyForDeploymentPostprocessing = 0;
		};
/* End PBXFrameworksBuildPhase section */

/* Begin PBXGroup section */
		16C0C8651E7BB8AB009EE884 = {
			isa = PBXGroup;
			children = (
				16C0C8701E7BB8AB009EE884 /* 远程推送 */,
				16C0C86F1E7BB8AB009EE884 /* Products */,
			);
			sourceTree = "<group>";
		};
		16C0C86F1E7BB8AB009EE884 /* Products */ = {
			isa = PBXGroup;
			children = (
				16C0C86E1E7BB8AB009EE884 /* 远程推送.app */,
			);
			name = Products;
			sourceTree = "<group>";
		};
		16C0C8701E7BB8AB009EE884 /* 远程推送 */ = {
			isa = PBXGroup;
			children = (
				16C0C8741E7BB8AB009EE884 /* AppDelegate.h */,
				16C0C8751E7BB8AB009EE884 /* AppDelegate.m */,
				16C0C8771E7BB8AB009EE884 /* ViewController.h */,
				16C0C8781E7BB8AB009EE884 /* ViewController.m */,
				16C0C87A1E7BB8AB009EE884 /* Main.storyboard */,
				16C0C87D1E7BB8AB009EE884 /* Assets.xcassets */,
				16C0C87F1E7BB8AB009EE884 /* LaunchScreen.storyboard */,
				16C0C8821E7BB8AB009EE884 /* Info.plist */,
				16C0C8711E7BB8AB009EE884 /* Supporting Files */,
			);
			path = "远程推送";
			sourceTree = "<group>";
		};
		16C0C8711E7BB8AB009EE884 /* Supporting Files */ = {
			isa = PBXGroup;
			children = (
				16C0C8721E7BB8AB009EE884 /* main.m */,
			);
			name = "Supporting Files";
			sourceTree = "<group>";
		};
/* End PBXGroup section */

/* Begin PBXNativeTarget section */
		16C0C86D1E7BB8AB009EE884 /* 远程推送 */ = {
			isa = PBXNativeTarget;
			buildConfigurationList = 16C0C8851E7BB8AB009EE884 /* Build configuration list for PBXNativeTarget "远程推送" */;
			buildPhases = (
				16C0C86A1E7BB8AB009EE884 /* Sources */,
				16C0C86B1E7BB8AB009EE884 /* Frameworks */,
				16C0C86C1E7BB8AB009EE884 /* Resources */,
			);
			buildRules = (
			);
			dependencies = (
			);
			name = "远程推送";
			productName = "远程推送";
			productReference = 16C0C86E1E7BB8AB009EE884 /* 远程推送.app */;
			productType = "com.apple.product-type.application";
		};
/* End PBXNativeTarget section */

/* Begin PBXProject section */
		16C0C8661E7BB8AB009EE884 /* Project object */ = {
			isa = PBXProject;
			attributes = {
				LastUpgradeCheck = 0820;
				ORGANIZATIONNAME = "赵治亮";
				TargetAttributes = {
					16C0C86D1E7BB8AB009EE884 = {
						CreatedOnToolsVersion = 8.2;
						DevelopmentTeam = CZ99FHTLXD;
						ProvisioningStyle = Automatic;
					};
				};
			};
			buildConfigurationList = 16C0C8691E7BB8AB009EE884 /* Build configuration list for PBXProject "远程推送" */;
			compatibilityVersion = "Xcode 3.2";
			developmentRegion = English;
			hasScannedForEncodings = 0;
			knownRegions = (
				en,
				Base,
			);
			mainGroup = 16C0C8651E7BB8AB009EE884;
			productRefGroup = 16C0C86F1E7BB8AB009EE884 /* Products */;
			projectDirPath = "";
			projectRoot = "";
			targets = (
				16C0C86D1E7BB8AB009EE884 /* 远程推送 */,
			);
		};
/* End PBXProject section */

/* Begin PBXResourcesBuildPhase section */
		16C0C86C1E7BB8AB009EE884 /* Resources */ = {
			isa = PBXResourcesBuildPhase;
			buildActionMask = 2147483647;
			files = (
				16C0C8811E7BB8AB009EE884 /* LaunchScreen.storyboard in Resources */,
				16C0C87E1E7BB8AB009EE884 /* Assets.xcassets in Resources */,
				16C0C87C1E7BB8AB009EE884 /* Main.storyboard in Resources */,
			);
			runOnlyForDeploymentPostprocessing = 0;
		};
/* End PBXResourcesBuildPhase section */

/* Begin PBXSourcesBuildPhase section */
		16C0C86A1E7BB8AB009EE884 /* Sources */ = {
			isa = PBXSourcesBuildPhase;
			buildActionMask = 2147483647;
			files = (
				16C0C8791E7BB8AB009EE884 /* ViewController.m in Sources */,
				16C0C8761E7BB8AB009EE884 /* AppDelegate.m in Sources */,
				16C0C8731E7BB8AB009EE884 /* main.m in Sources */,
			);
			runOnlyForDeploymentPostprocessing = 0;
		};
/* End PBXSourcesBuildPhase section */

/* Begin PBXVariantGroup section */
		16C0C87A1E7BB8AB009EE884 /* Main.storyboard */ = {
			isa = PBXVariantGroup;
			children = (
				16C0C87B1E7BB8AB009EE884 /* Base */,
			);
			name = Main.storyboard;
			sourceTree = "<group>";
		};
		16C0C87F1E7BB8AB009EE884 /* LaunchScreen.storyboard */ = {
			isa = PBXVariantGroup;
			children = (
				16C0C8801E7BB8AB009EE884 /* Base */,
			);
			name = LaunchScreen.storyboard;
			sourceTree = "<group>";
		};
/* End PBXVariantGroup section */

/* Begin XCBuildConfiguration section */
		16C0C8831E7BB8AB009EE884 /* Debug */ = {
			isa = XCBuildConfiguration;
			buildSettings = {
				ALWAYS_SEARCH_USER_PATHS = NO;
				CLANG_ANALYZER_NONNULL = YES;
				CLANG_CXX_LANGUAGE_STANDARD = "gnu++0x";
				CLANG_CXX_LIBRARY = "libc++";
				CLANG_ENABLE_MODULES = YES;
				CLANG_ENABLE_OBJC_ARC = YES;
				CLANG_WARN_BOOL_CONVERSION = YES;
				CLANG_WARN_CONSTANT_CONVERSION = YES;
				CLANG_WARN_DIRECT_OBJC_ISA_USAGE = YES_ERROR;
				CLANG_WARN_DOCUMENTATION_COMMENTS = YES;
				CLANG_WARN_EMPTY_BODY = YES;
				CLANG_WARN_ENUM_CONVERSION = YES;
				CLANG_WARN_INFINITE_RECURSION = YES;
				CLANG_WARN_INT_CONVERSION = YES;
				CLANG_WARN_OBJC_ROOT_CLASS = YES_ERROR;
				CLANG_WARN_SUSPICIOUS_MOVE = YES;
				CLANG_WARN_UNREACHABLE_CODE = YES;
				CLANG_WARN__DUPLICATE_METHOD_MATCH = YES;
				"CODE_SIGN_IDENTITY[sdk=iphoneos*]" = "iPhone Developer";
				COPY_PHASE_STRIP = NO;
				DEBUG_INFORMATION_FORMAT = dwarf;
				ENABLE_STRICT_OBJC_MSGSEND = YES;
				ENABLE_TESTABILITY = YES;
				GCC_C_LANGUAGE_STANDARD = gnu99;
				GCC_DYNAMIC_NO_PIC = NO;
				GCC_NO_COMMON_BLOCKS = YES;
				GCC_OPTIMIZATION_LEVEL = 0;
				GCC_PREPROCESSOR_DEFINITIONS = (
					"DEBUG=1",
					"$(inherited)",
				);
				GCC_WARN_64_TO_32_BIT_CONVERSION = YES;
				GCC_WARN_ABOUT_RETURN_TYPE = YES_ERROR;
				GCC_WARN_UNDECLARED_SELECTOR = YES;
				GCC_WARN_UNINITIALIZED_AUTOS = YES_AGGRESSIVE;
				GCC_WARN_UNUSED_FUNCTION = YES;
				GCC_WARN_UNUSED_VARIABLE = YES;
				IPHONEOS_DEPLOYMENT_TARGET = 10.2;
				MTL_ENABLE_DEBUG_INFO = YES;
				ONLY_ACTIVE_ARCH = YES;
				SDKROOT = iphoneos;
				TARGETED_DEVICE_FAMILY = "1,2";
			};
			name = Debug;
		};
		16C0C8841E7BB8AB009EE884 /* Release */ = {
			isa = XCBuildConfiguration;
			buildSettings = {
				ALWAYS_SEARCH_USER_PATHS = NO;
				CLANG_ANALYZER_NONNULL = YES;
				CLANG_CXX_LANGUAGE_STANDARD = "gnu++0x";
				CLANG_CXX_LIBRARY = "libc++";
				CLANG_ENABLE_MODULES = YES;
				CLANG_ENABLE_OBJC_ARC = YES;
				CLANG_WARN_BOOL_CONVERSION = YES;
				CLANG_WARN_CONSTANT_CONVERSION = YES;
				CLANG_WARN_DIRECT_OBJC_ISA_USAGE = YES_ERROR;
				CLANG_WARN_DOCUMENTATION_COMMENTS = YES;
				CLANG_WARN_EMPTY_BODY = YES;
				CLANG_WARN_ENUM_CONVERSION = YES;
				CLANG_WARN_INFINITE_RECURSION = YES;
				CLANG_WARN_INT_CONVERSION = YES;
				CLANG_WARN_OBJC_ROOT_CLASS = YES_ERROR;
				CLANG_WARN_SUSPICIOUS_MOVE = YES;
				CLANG_WARN_UNREACHABLE_CODE = YES;
				CLANG_WARN__DUPLICATE_METHOD_MATCH = YES;
				"CODE_SIGN_IDENTITY[sdk=iphoneos*]" = "iPhone Developer";
				COPY_PHASE_STRIP = NO;
				DEBUG_INFORMATION_FORMAT = "dwarf-with-dsym";
				ENABLE_NS_ASSERTIONS = NO;
				ENABLE_STRICT_OBJC_MSGSEND = YES;
				GCC_C_LANGUAGE_STANDARD = gnu99;
				GCC_NO_COMMON_BLOCKS = YES;
				GCC_WARN_64_TO_32_BIT_CONVERSION = YES;
				GCC_WARN_ABOUT_RETURN_TYPE = YES_ERROR;
				GCC_WARN_UNDECLARED_SELECTOR = YES;
				GCC_WARN_UNINITIALIZED_AUTOS = YES_AGGRESSIVE;
				GCC_WARN_UNUSED_FUNCTION = YES;
				GCC_WARN_UNUSED_VARIABLE = YES;
				IPHONEOS_DEPLOYMENT_TARGET = 10.2;
				MTL_ENABLE_DEBUG_INFO = NO;
				SDKROOT = iphoneos;
				TARGETED_DEVICE_FAMILY = "1,2";
				VALIDATE_PRODUCT = YES;
			};
			name = Release;
		};
		16C0C8861E7BB8AB009EE884 /* Debug */ = {
			isa = XCBuildConfiguration;
			buildSettings = {
				ASSETCATALOG_COMPILER_APPICON_NAME = AppIcon;
				"CODE_SIGN_IDENTITY[sdk=iphoneos*]" = "iPhone Developer";
				DEVELOPMENT_TEAM = CZ99FHTLXD;
				INFOPLIST_FILE = "远程推送/Info.plist";
				LD_RUNPATH_SEARCH_PATHS = "$(inherited) @executable_path/Frameworks";
				PRODUCT_BUNDLE_IDENTIFIER = "www.com.----";
				PRODUCT_NAME = "$(TARGET_NAME)";
			};
			name = Debug;
		};
		16C0C8871E7BB8AB009EE884 /* Release */ = {
			isa = XCBuildConfiguration;
			buildSettings = {
				ASSETCATALOG_COMPILER_APPICON_NAME = AppIcon;
				"CODE_SIGN_IDENTITY[sdk=iphoneos*]" = "iPhone Developer";
				DEVELOPMENT_TEAM = CZ99FHTLXD;
				INFOPLIST_FILE = "远程推送/Info.plist";
				LD_RUNPATH_SEARCH_PATHS = "$(inherited) @executable_path/Frameworks";
				PRODUCT_BUNDLE_IDENTIFIER = "www.com.----";
				PRODUCT_NAME = "$(TARGET_NAME)";
			};
			name = Release;
		};
/* End XCBuildConfiguration section */

/* Begin XCConfigurationList section */
		16C0C8691E7BB8AB009EE884 /* Build configuration list for PBXProject "远程推送" */ = {
			isa = XCConfigurationList;
			buildConfigurations = (
				16C0C8831E7BB8AB009EE884 /* Debug */,
				16C0C8841E7BB8AB009EE884 /* Release */,
			);
			defaultConfigurationIsVisible = 0;
			defaultConfigurationName = Release;
		};
		16C0C8851E7BB8AB009EE884 /* Build configuration list for PBXNativeTarget "远程推送" */ = {
			isa = XCConfigurationList;
			buildConfigurations = (
				16C0C8861E7BB8AB009EE884 /* Debug */,
				16C0C8871E7BB8AB009EE884 /* Release */,
			);
			defaultConfigurationIsVisible = 0;
		};
/* End XCConfigurationList section */
	};
	rootObject = 16C0C8661E7BB8AB009EE884 /* Project object */;
}
